Microsoft Visual Studio Solution File, Format Version 12.00
# Visual Studio 14
VisualStudioVersion = 14.0.25420.1
MinimumVisualStudioVersion = 10.0.40219.1
Project("{FAE04EC0-301F-11D3-BF4B-00C04F79EFBC}") = "MonoGame.Extended", "MonoGame.Extended\MonoGame.Extended.csproj", "{41724C52-3D50-45BB-81EB-3C8A247EAFD1}"
EndProject
Project("{2150E333-8FDC-42A3-9474-1A3956D46DE8}") = "Solution Items", "Solution Items", "{068B9F42-8B49-4FAF-9D8C-701862FAC799}"
	ProjectSection(SolutionItems) = preProject
		..\README.md = ..\README.md
	EndProjectSection
EndProject
Project("{FAE04EC0-301F-11D3-BF4B-00C04F79EFBC}") = "MonoGame.Extended.Content.Pipeline", "MonoGame.Extended.Content.Pipeline\MonoGame.Extended.Content.Pipeline.csproj", "{28CD24BD-432C-4987-9E9D-65CFCF120EA0}"
EndProject
Project("{2150E333-8FDC-42A3-9474-1A3956D46DE8}") = "Demos", "Demos", "{932F8931-4A8D-4205-BFCF-98E794207786}"
	ProjectSection(SolutionItems) = preProject
		Demos\README.md = Demos\README.md
	EndProjectSection
EndProject
Project("{2150E333-8FDC-42A3-9474-1A3956D46DE8}") = "NuGet", "NuGet", "{F3E80350-2F27-4EDB-8BE9-0145643A5336}"
	ProjectSection(SolutionItems) = preProject
		NuGet\MonoGame.Extended.Animations.nuspec = NuGet\MonoGame.Extended.Animations.nuspec
		NuGet\MonoGame.Extended.Content.Pipeline.nuspec = NuGet\MonoGame.Extended.Content.Pipeline.nuspec
		NuGet\MonoGame.Extended.Entities.nuspec = NuGet\MonoGame.Extended.Entities.nuspec
		NuGet\MonoGame.Extended.Graphics.nuspec = NuGet\MonoGame.Extended.Graphics.nuspec
		NuGet\MonoGame.Extended.Gui.nuspec = NuGet\MonoGame.Extended.Gui.nuspec
		NuGet\MonoGame.Extended.Input.nuspec = NuGet\MonoGame.Extended.Input.nuspec
		NuGet\MonoGame.Extended.NuclexGui.nuspec = NuGet\MonoGame.Extended.NuclexGui.nuspec
		NuGet\MonoGame.Extended.nuspec = NuGet\MonoGame.Extended.nuspec
		NuGet\MonoGame.Extended.Particles.nuspec = NuGet\MonoGame.Extended.Particles.nuspec
		NuGet\MonoGame.Extended.SceneGraphs.nuspec = NuGet\MonoGame.Extended.SceneGraphs.nuspec
		NuGet\MonoGame.Extended.Tiled.nuspec = NuGet\MonoGame.Extended.Tiled.nuspec
		NuGet\MonoGame.Extended.Tweening.nuspec = NuGet\MonoGame.Extended.Tweening.nuspec
		NuGet\readme.txt = NuGet\readme.txt
	EndProjectSection
EndProject
Project("{FAE04EC0-301F-11D3-BF4B-00C04F79EFBC}") = "Demo.StarWarrior", "Demos\Demo.StarWarrior\Demo.StarWarrior.csproj", "{52CC60A4-D806-46BF-B104-53E56A764B0E}"
EndProject
Global
	GlobalSection(SolutionConfigurationPlatforms) = preSolution
		Debug|Any CPU = Debug|Any CPU
		Debug|x86 = Debug|x86
		Release|Any CPU = Release|Any CPU
		Release|x86 = Release|x86
	EndGlobalSection
	GlobalSection(ProjectConfigurationPlatforms) = postSolution
		{41724C52-3D50-45BB-81EB-3C8A247EAFD1}.Debug|Any CPU.ActiveCfg = Debug|Any CPU
		{41724C52-3D50-45BB-81EB-3C8A247EAFD1}.Debug|Any CPU.Build.0 = Debug|Any CPU
		{41724C52-3D50-45BB-81EB-3C8A247EAFD1}.Debug|x86.ActiveCfg = Debug|Any CPU
		{41724C52-3D50-45BB-81EB-3C8A247EAFD1}.Debug|x86.Build.0 = Debug|Any CPU
		{41724C52-3D50-45BB-81EB-3C8A247EAFD1}.Release|Any CPU.ActiveCfg = Release|Any CPU
		{41724C52-3D50-45BB-81EB-3C8A247EAFD1}.Release|Any CPU.Build.0 = Release|Any CPU
		{41724C52-3D50-45BB-81EB-3C8A247EAFD1}.Release|x86.ActiveCfg = Release|Any CPU
		{41724C52-3D50-45BB-81EB-3C8A247EAFD1}.Release|x86.Build.0 = Release|Any CPU
		{28CD24BD-432C-4987-9E9D-65CFCF120EA0}.Debug|Any CPU.ActiveCfg = Debug|Any CPU
		{28CD24BD-432C-4987-9E9D-65CFCF120EA0}.Debug|Any CPU.Build.0 = Debug|Any CPU
		{28CD24BD-432C-4987-9E9D-65CFCF120EA0}.Debug|x86.ActiveCfg = Debug|Any CPU
		{28CD24BD-432C-4987-9E9D-65CFCF120EA0}.Debug|x86.Build.0 = Debug|Any CPU
		{28CD24BD-432C-4987-9E9D-65CFCF120EA0}.Release|Any CPU.ActiveCfg = Release|Any CPU
		{28CD24BD-432C-4987-9E9D-65CFCF120EA0}.Release|Any CPU.Build.0 = Release|Any CPU
		{28CD24BD-432C-4987-9E9D-65CFCF120EA0}.Release|x86.ActiveCfg = Release|Any CPU
		{28CD24BD-432C-4987-9E9D-65CFCF120EA0}.Release|x86.Build.0 = Release|Any CPU
		{52CC60A4-D806-46BF-B104-53E56A764B0E}.Debug|Any CPU.ActiveCfg = Debug|Any CPU
		{52CC60A4-D806-46BF-B104-53E56A764B0E}.Debug|Any CPU.Build.0 = Debug|Any CPU
		{52CC60A4-D806-46BF-B104-53E56A764B0E}.Debug|x86.ActiveCfg = Debug|Any CPU
		{52CC60A4-D806-46BF-B104-53E56A764B0E}.Debug|x86.Build.0 = Debug|Any CPU
		{52CC60A4-D806-46BF-B104-53E56A764B0E}.Release|Any CPU.ActiveCfg = Release|Any CPU
		{52CC60A4-D806-46BF-B104-53E56A764B0E}.Release|Any CPU.Build.0 = Release|Any CPU
		{52CC60A4-D806-46BF-B104-53E56A764B0E}.Release|x86.ActiveCfg = Release|Any CPU
		{52CC60A4-D806-46BF-B104-53E56A764B0E}.Release|x86.Build.0 = Release|Any CPU
	EndGlobalSection
	GlobalSection(SolutionProperties) = preSolution
		HideSolutionNode = FALSE
	EndGlobalSection
	GlobalSection(NestedProjects) = preSolution
		{F3E80350-2F27-4EDB-8BE9-0145643A5336} = {068B9F42-8B49-4FAF-9D8C-701862FAC799}
		{52CC60A4-D806-46BF-B104-53E56A764B0E} = {932F8931-4A8D-4205-BFCF-98E794207786}
	EndGlobalSection
EndGlobal
